github.com/lainio/err2 v0.9.1 h1:jbqO2TVyQXnruI1w2/dI8NdPjzq+7+ApCFe4uSjLjZ4=
github.com/lainio/err2 v0.9.1/go.mod h1:glTVV2qNFbBy6WzZFDP2G5BqMiZI58cudp588cEgCuM=
github.com/tetratelabs/wazero v1.2.2-0.20230629083451-9762d5b28d7a h1:Ze9cuAPBVICBuMyx8BZbCSbg6pzlFTVCiXc09NHWK9c=
github.com/tetratelabs/wazero v1.2.2-0.20230629083451-9762d5b28d7a/go.mod h1:wYx2gNRg8/WihJfSDxA1TIL8H+GkfLYm+bIfbblu9VQ=
